
Microsoft Visual Studio Solution File, Format Version 12.00
# Visual Studio Version 16
VisualStudioVersion = 16.0.31205.134
MinimumVisualStudioVersion = 15.0.26124.0
Project("{9A19103F-16F7-4668-BE54-9A1E7A4F7556}") = "HugoCrossPoster", "src\HugoCrossPoster.csproj", "{27D8B28E-24C5-4897-B0D5-A51E0822D323}"
EndProject
Project("{9A19103F-16F7-4668-BE54-9A1E7A4F7556}") = "test", "test\test.csproj", "{83F096DD-A8ED-4F28-BA3D-979F5989FDB4}"
EndProject
Global
	GlobalSection(SolutionConfigurationPlatforms) = preSolution
		Debug|Any CPU = Debug|Any CPU
		Debug|x64 = Debug|x64
		Debug|x86 = Debug|x86
		Release|Any CPU = Release|Any CPU
		Release|x64 = Release|x64
		Release|x86 = Release|x86
	EndGlobalSection
	GlobalSection(ProjectConfigurationPlatforms) = postSolution
		{27D8B28E-24C5-4897-B0D5-A51E0822D323}.Debug|Any CPU.ActiveCfg = Debug|Any CPU
		{27D8B28E-24C5-4897-B0D5-A51E0822D323}.Debug|Any CPU.Build.0 = Debug|Any CPU
		{27D8B28E-24C5-4897-B0D5-A51E0822D323}.Debug|x64.ActiveCfg = Debug|Any CPU
		{27D8B28E-24C5-4897-B0D5-A51E0822D323}.Debug|x64.Build.0 = Debug|Any CPU
		{27D8B28E-24C5-4897-B0D5-A51E0822D323}.Debug|x86.ActiveCfg = Debug|Any CPU
		{27D8B28E-24C5-4897-B0D5-A51E0822D323}.Debug|x86.Build.0 = Debug|Any CPU
		{27D8B28E-24C5-4897-B0D5-A51E0822D323}.Release|Any CPU.ActiveCfg = Release|Any CPU
		{27D8B28E-24C5-4897-B0D5-A51E0822D323}.Release|Any CPU.Build.0 = Release|Any CPU
		{27D8B28E-24C5-4897-B0D5-A51E0822D323}.Release|x64.ActiveCfg = Release|Any CPU
		{27D8B28E-24C5-4897-B0D5-A51E0822D323}.Release|x64.Build.0 = Release|Any CPU
		{27D8B28E-24C5-4897-B0D5-A51E0822D323}.Release|x86.ActiveCfg = Release|Any CPU
		{27D8B28E-24C5-4897-B0D5-A51E0822D323}.Release|x86.Build.0 = Release|Any CPU
		{83F096DD-A8ED-4F28-BA3D-979F5989FDB4}.Debug|Any CPU.ActiveCfg = Debug|Any CPU
		{83F096DD-A8ED-4F28-BA3D-979F5989FDB4}.Debug|Any CPU.Build.0 = Debug|Any CPU
		{83F096DD-A8ED-4F28-BA3D-979F5989FDB4}.Debug|x64.ActiveCfg = Debug|Any CPU
		{83F096DD-A8ED-4F28-BA3D-979F5989FDB4}.Debug|x64.Build.0 = Debug|Any CPU
		{83F096DD-A8ED-4F28-BA3D-979F5989FDB4}.Debug|x86.ActiveCfg = Debug|Any CPU
		{83F096DD-A8ED-4F28-BA3D-979F5989FDB4}.Debug|x86.Build.0 = Debug|Any CPU
		{83F096DD-A8ED-4F28-BA3D-979F5989FDB4}.Release|Any CPU.ActiveCfg = Release|Any CPU
		{83F096DD-A8ED-4F28-BA3D-979F5989FDB4}.Release|Any CPU.Build.0 = Release|Any CPU
		{83F096DD-A8ED-4F28-BA3D-979F5989FDB4}.Release|x64.ActiveCfg = Release|Any CPU
		{83F096DD-A8ED-4F28-BA3D-979F5989FDB4}.Release|x64.Build.0 = Release|Any CPU
		{83F096DD-A8ED-4F28-BA3D-979F5989FDB4}.Release|x86.ActiveCfg = Release|Any CPU
		{83F096DD-A8ED-4F28-BA3D-979F5989FDB4}.Release|x86.Build.0 = Release|Any CPU
	EndGlobalSection
	GlobalSection(SolutionProperties) = preSolution
		HideSolutionNode = FALSE
	EndGlobalSection
	GlobalSection(ExtensibilityGlobals) = postSolution
		SolutionGuid = {29C348E5-6769-4EBA-B521-F1F9723262FA}
	EndGlobalSection
EndGlobal
