
Microsoft Visual Studio Solution File, Format Version 12.00
# Visual Studio 15
VisualStudioVersion = 15.0.26124.0
MinimumVisualStudioVersion = 15.0.26124.0
Project("{FAE04EC0-301F-11D3-BF4B-00C04F79EFBC}") = "HugoCrossPoster", "src\HugoCrossPoster.csproj", "{6B514FA7-3736-4000-8511-92B7EF7653CD}"
EndProject
Project("{FAE04EC0-301F-11D3-BF4B-00C04F79EFBC}") = "test", "test\test.csproj", "{B12B04CD-DCB2-4D85-A7FE-3C2328CBB05D}"
EndProject
Global
	GlobalSection(SolutionConfigurationPlatforms) = preSolution
		Debug|Any CPU = Debug|Any CPU
		Debug|x64 = Debug|x64
		Debug|x86 = Debug|x86
		Release|Any CPU = Release|Any CPU
		Release|x64 = Release|x64
		Release|x86 = Release|x86
	EndGlobalSection
	GlobalSection(SolutionProperties) = preSolution
		HideSolutionNode = FALSE
	EndGlobalSection
	GlobalSection(ProjectConfigurationPlatforms) = postSolution
		{6B514FA7-3736-4000-8511-92B7EF7653CD}.Debug|Any CPU.ActiveCfg = Debug|Any CPU
		{6B514FA7-3736-4000-8511-92B7EF7653CD}.Debug|Any CPU.Build.0 = Debug|Any CPU
		{6B514FA7-3736-4000-8511-92B7EF7653CD}.Debug|x64.ActiveCfg = Debug|Any CPU
		{6B514FA7-3736-4000-8511-92B7EF7653CD}.Debug|x64.Build.0 = Debug|Any CPU
		{6B514FA7-3736-4000-8511-92B7EF7653CD}.Debug|x86.ActiveCfg = Debug|Any CPU
		{6B514FA7-3736-4000-8511-92B7EF7653CD}.Debug|x86.Build.0 = Debug|Any CPU
		{6B514FA7-3736-4000-8511-92B7EF7653CD}.Release|Any CPU.ActiveCfg = Release|Any CPU
		{6B514FA7-3736-4000-8511-92B7EF7653CD}.Release|Any CPU.Build.0 = Release|Any CPU
		{6B514FA7-3736-4000-8511-92B7EF7653CD}.Release|x64.ActiveCfg = Release|Any CPU
		{6B514FA7-3736-4000-8511-92B7EF7653CD}.Release|x64.Build.0 = Release|Any CPU
		{6B514FA7-3736-4000-8511-92B7EF7653CD}.Release|x86.ActiveCfg = Release|Any CPU
		{6B514FA7-3736-4000-8511-92B7EF7653CD}.Release|x86.Build.0 = Release|Any CPU
		{B12B04CD-DCB2-4D85-A7FE-3C2328CBB05D}.Debug|Any CPU.ActiveCfg = Debug|Any CPU
		{B12B04CD-DCB2-4D85-A7FE-3C2328CBB05D}.Debug|Any CPU.Build.0 = Debug|Any CPU
		{B12B04CD-DCB2-4D85-A7FE-3C2328CBB05D}.Debug|x64.ActiveCfg = Debug|Any CPU
		{B12B04CD-DCB2-4D85-A7FE-3C2328CBB05D}.Debug|x64.Build.0 = Debug|Any CPU
		{B12B04CD-DCB2-4D85-A7FE-3C2328CBB05D}.Debug|x86.ActiveCfg = Debug|Any CPU
		{B12B04CD-DCB2-4D85-A7FE-3C2328CBB05D}.Debug|x86.Build.0 = Debug|Any CPU
		{B12B04CD-DCB2-4D85-A7FE-3C2328CBB05D}.Release|Any CPU.ActiveCfg = Release|Any CPU
		{B12B04CD-DCB2-4D85-A7FE-3C2328CBB05D}.Release|Any CPU.Build.0 = Release|Any CPU
		{B12B04CD-DCB2-4D85-A7FE-3C2328CBB05D}.Release|x64.ActiveCfg = Release|Any CPU
		{B12B04CD-DCB2-4D85-A7FE-3C2328CBB05D}.Release|x64.Build.0 = Release|Any CPU
		{B12B04CD-DCB2-4D85-A7FE-3C2328CBB05D}.Release|x86.ActiveCfg = Release|Any CPU
		{B12B04CD-DCB2-4D85-A7FE-3C2328CBB05D}.Release|x86.Build.0 = Release|Any CPU
	EndGlobalSection
EndGlobal
